
Microsoft Visual Studio Solution File, Format Version 12.00
# Visual Studio 15
VisualStudioVersion = 15.0.28307.271
MinimumVisualStudioVersion = 10.0.40219.1
Project("{FAE04EC0-301F-11D3-BF4B-00C04F79EFBC}") = "EnvironmentSpecificCustomConfig", "EnvironmentSpecificCustomConfig\EnvironmentSpecificCustomConfig.csproj", "{CD92EF59-18D3-4607-A7A3-D88067F0E480}"
EndProject
Global
	GlobalSection(SolutionConfigurationPlatforms) = preSolution
		Debug|Any CPU = Debug|Any CPU
		Release|Any CPU = Release|Any CPU
	EndGlobalSection
	GlobalSection(ProjectConfigurationPlatforms) = postSolution
		{CD92EF59-18D3-4607-A7A3-D88067F0E480}.Debug|Any CPU.ActiveCfg = Debug|Any CPU
		{CD92EF59-18D3-4607-A7A3-D88067F0E480}.Debug|Any CPU.Build.0 = Debug|Any CPU
		{CD92EF59-18D3-4607-A7A3-D88067F0E480}.Release|Any CPU.ActiveCfg = Release|Any CPU
		{CD92EF59-18D3-4607-A7A3-D88067F0E480}.Release|Any CPU.Build.0 = Release|Any CPU
	EndGlobalSection
	GlobalSection(SolutionProperties) = preSolution
		HideSolutionNode = FALSE
	EndGlobalSection
	GlobalSection(ExtensibilityGlobals) = postSolution
		SolutionGuid = {D94941C7-2275-4CD2-AE52-A3DD61FCE7D6}
	EndGlobalSection
EndGlobal
